
Microsoft Visual Studio Solution File, Format Version 12.00
# Visual Studio Version 16
VisualStudioVersion = 16.0.31112.23
MinimumVisualStudioVersion = 10.0.40219.1
Project("{8BC9CEB8-8B4A-11D0-8D11-00A0C91BC942}") = "Study_class", "Study_class\Study_class.vcxproj", "{C6FF64EB-AA01-4179-9AC0-F2F516EFE1C7}"
EndProject
Project("{8BC9CEB8-8B4A-11D0-8D11-00A0C91BC942}") = "Study_arr", "Study_arr\Study_arr.vcxproj", "{A7D6098E-0DD8-4121-9E0E-D04A181673C7}"
EndProject
Project("{8BC9CEB8-8B4A-11D0-8D11-00A0C91BC942}") = "Study_c", "Study_c\Study_c.vcxproj", "{08BDA637-EC26-45D5-97B4-1B15F6AB8CC2}"
EndProject
Global
	GlobalSection(SolutionConfigurationPlatforms) = preSolution
		Debug|x64 = Debug|x64
		Debug|x86 = Debug|x86
		Release|x64 = Release|x64
		Release|x86 = Release|x86
	EndGlobalSection
	GlobalSection(ProjectConfigurationPlatforms) = postSolution
		{C6FF64EB-AA01-4179-9AC0-F2F516EFE1C7}.Debug|x64.ActiveCfg = Debug|x64
		{C6FF64EB-AA01-4179-9AC0-F2F516EFE1C7}.Debug|x64.Build.0 = Debug|x64
		{C6FF64EB-AA01-4179-9AC0-F2F516EFE1C7}.Debug|x86.ActiveCfg = Debug|Win32
		{C6FF64EB-AA01-4179-9AC0-F2F516EFE1C7}.Debug|x86.Build.0 = Debug|Win32
		{C6FF64EB-AA01-4179-9AC0-F2F516EFE1C7}.Release|x64.ActiveCfg = Release|x64
		{C6FF64EB-AA01-4179-9AC0-F2F516EFE1C7}.Release|x64.Build.0 = Release|x64
		{C6FF64EB-AA01-4179-9AC0-F2F516EFE1C7}.Release|x86.ActiveCfg = Release|Win32
		{C6FF64EB-AA01-4179-9AC0-F2F516EFE1C7}.Release|x86.Build.0 = Release|Win32
		{A7D6098E-0DD8-4121-9E0E-D04A181673C7}.Debug|x64.ActiveCfg = Debug|x64
		{A7D6098E-0DD8-4121-9E0E-D04A181673C7}.Debug|x64.Build.0 = Debug|x64
		{A7D6098E-0DD8-4121-9E0E-D04A181673C7}.Debug|x86.ActiveCfg = Debug|Win32
		{A7D6098E-0DD8-4121-9E0E-D04A181673C7}.Debug|x86.Build.0 = Debug|Win32
		{A7D6098E-0DD8-4121-9E0E-D04A181673C7}.Release|x64.ActiveCfg = Release|x64
		{A7D6098E-0DD8-4121-9E0E-D04A181673C7}.Release|x64.Build.0 = Release|x64
		{A7D6098E-0DD8-4121-9E0E-D04A181673C7}.Release|x86.ActiveCfg = Release|Win32
		{A7D6098E-0DD8-4121-9E0E-D04A181673C7}.Release|x86.Build.0 = Release|Win32
		{08BDA637-EC26-45D5-97B4-1B15F6AB8CC2}.Debug|x64.ActiveCfg = Debug|x64
		{08BDA637-EC26-45D5-97B4-1B15F6AB8CC2}.Debug|x64.Build.0 = Debug|x64
		{08BDA637-EC26-45D5-97B4-1B15F6AB8CC2}.Debug|x86.ActiveCfg = Debug|Win32
		{08BDA637-EC26-45D5-97B4-1B15F6AB8CC2}.Debug|x86.Build.0 = Debug|Win32
		{08BDA637-EC26-45D5-97B4-1B15F6AB8CC2}.Release|x64.ActiveCfg = Release|x64
		{08BDA637-EC26-45D5-97B4-1B15F6AB8CC2}.Release|x64.Build.0 = Release|x64
		{08BDA637-EC26-45D5-97B4-1B15F6AB8CC2}.Release|x86.ActiveCfg = Release|Win32
		{08BDA637-EC26-45D5-97B4-1B15F6AB8CC2}.Release|x86.Build.0 = Release|Win32
	EndGlobalSection
	GlobalSection(SolutionProperties) = preSolution
		HideSolutionNode = FALSE
	EndGlobalSection
	GlobalSection(ExtensibilityGlobals) = postSolution
		SolutionGuid = {14AFD452-5569-4BD8-985C-B8BB389FCC7F}
	EndGlobalSection
EndGlobal
